
Microsoft Visual Studio Solution File, Format Version 12.00
# Visual Studio Version 16
VisualStudioVersion = 16.0.31727.386
MinimumVisualStudioVersion = 10.0.40219.1
Project("{8BC9CEB8-8B4A-11D0-8D11-00A0C91BC942}") = "Vj3", "Vj3.vcxproj", "{533F3151-4372-4DF9-9CEE-86557D26010B}"
EndProject
Global
	GlobalSection(SolutionConfigurationPlatforms) = preSolution
		Debug|x64 = Debug|x64
		Debug|x86 = Debug|x86
		Release|x64 = Release|x64
		Release|x86 = Release|x86
	EndGlobalSection
	GlobalSection(ProjectConfigurationPlatforms) = postSolution
		{533F3151-4372-4DF9-9CEE-86557D26010B}.Debug|x64.ActiveCfg = Debug|x64
		{533F3151-4372-4DF9-9CEE-86557D26010B}.Debug|x64.Build.0 = Debug|x64
		{533F3151-4372-4DF9-9CEE-86557D26010B}.Debug|x86.ActiveCfg = Debug|Win32
		{533F3151-4372-4DF9-9CEE-86557D26010B}.Debug|x86.Build.0 = Debug|Win32
		{533F3151-4372-4DF9-9CEE-86557D26010B}.Release|x64.ActiveCfg = Release|x64
		{533F3151-4372-4DF9-9CEE-86557D26010B}.Release|x64.Build.0 = Release|x64
		{533F3151-4372-4DF9-9CEE-86557D26010B}.Release|x86.ActiveCfg = Release|Win32
		{533F3151-4372-4DF9-9CEE-86557D26010B}.Release|x86.Build.0 = Release|Win32
	EndGlobalSection
	GlobalSection(SolutionProperties) = preSolution
		HideSolutionNode = FALSE
	EndGlobalSection
	GlobalSection(ExtensibilityGlobals) = postSolution
		SolutionGuid = {4C7E60A9-54F2-478A-A0BF-2CF385E82C17}
	EndGlobalSection
EndGlobal
